schema: '2.0'
stages:
  data_ingestion:
    cmd: python src/cnnClassifier/pipeline/stage1_data_ingestion.py
    deps:
    - path: config/config.yaml
      hash: md5
      md5: 154e8d25541a43764a602a1de2707914
      size: 807
    - path: src/cnnClassifier/pipeline/stage1_data_ingestion.py
      hash: md5
      md5: 7427496fc6f7be2a87efbb889b4e7d7f
      size: 908
    outs:
    - path: artifacts/data_ingestion/EuroSAT
      hash: md5
      md5: 4ac5d192bcb8271c27b95978a68dc711.dir
      size: 93142646
      nfiles: 27004
  prepare_base_model:
    cmd: python src/cnnClassifier/pipeline/stage2_prepare_base_model.py
    deps:
    - path: config/config.yaml
      hash: md5
      md5: 154e8d25541a43764a602a1de2707914
      size: 807
    - path: src/cnnClassifier/pipeline/stage2_prepare_base_model.py
      hash: md5
      md5: e9f3361247e9420e64a9b38b563db746
      size: 993
    params:
      params.yaml:
        CLASSES: 2
        IMAGE_SIZE:
        - 224
        - 224
        - 3
        INCLUDE_TOP: false
        LEARNING_RATE: 0.01
        WEIGHTS: imagenet
    outs:
    - path: artifacts/prepare_base_model
      hash: md5
      md5: 280d61e7b2bdc3f01183c5d82fc1af2c.dir
      size: 118857376
      nfiles: 2
  training:
    cmd: python src/cnnClassifier/pipeline/stage3_model_trainer.py
    deps:
    - path: artifacts/data_ingestion/EuroSAT
      hash: md5
      md5: 4ac5d192bcb8271c27b95978a68dc711.dir
      size: 93142646
      nfiles: 27004
    - path: artifacts/prepare_base_model
      hash: md5
      md5: 280d61e7b2bdc3f01183c5d82fc1af2c.dir
      size: 118857376
      nfiles: 2
    - path: config/config.yaml
      hash: md5
      md5: 154e8d25541a43764a602a1de2707914
      size: 807
    - path: src/cnnClassifier/pipeline/stage3_model_trainer.py
      hash: md5
      md5: 5e33c7caa222257dbaff480c953e8b5d
      size: 928
    params:
      params.yaml:
        AUGMENTATION: true
        BATCH_SIZE: 16
        EPOCHS: 2
        IMAGE_SIZE:
        - 224
        - 224
        - 3
    outs:
    - path: artifacts/training/model.h5
      hash: md5
      md5: a480cbdc64f7612d1b7bd4dde4348bd7
      size: 60943152
  evaluation:
    cmd: python src/cnnClassifier/pipeline/stage4_evaluation.py
    deps:
    - path: artifacts/data_ingestion/EuroSAT
      hash: md5
      md5: 4ac5d192bcb8271c27b95978a68dc711.dir
      size: 93142646
      nfiles: 27004
    - path: artifacts/training/model.h5
      hash: md5
      md5: a480cbdc64f7612d1b7bd4dde4348bd7
      size: 60943152
    - path: config/config.yaml
      hash: md5
      md5: 154e8d25541a43764a602a1de2707914
      size: 807
    - path: src/cnnClassifier/pipeline/stage4_evaluation.py
      hash: md5
      md5: cbbd13b18f9437e2bbb7ccad7ca385ca
      size: 923
    params:
      params.yaml:
        BATCH_SIZE: 16
        IMAGE_SIZE:
        - 224
        - 224
        - 3
    outs:
    - path: scores.json
      hash: md5
      md5: 3b33b5aaea2d23083a46cfebcf58c957
      size: 71
